
Microsoft Visual Studio Solution File, Format Version 12.00
# Visual Studio Version 16
VisualStudioVersion = 16.0.31515.178
MinimumVisualStudioVersion = 10.0.40219.1
Project("{FAE04EC0-301F-11D3-BF4B-00C04F79EFBC}") = "prenoBUS_amministrazione", "prenoBUS_amministrazione\prenoBUS_amministrazione.csproj", "{82354C9A-4891-4ACA-88A1-B364E72459C4}"
EndProject
Global
	GlobalSection(SolutionConfigurationPlatforms) = preSolution
		Debug|Any CPU = Debug|Any CPU
		Release|Any CPU = Release|Any CPU
	EndGlobalSection
	GlobalSection(ProjectConfigurationPlatforms) = postSolution
		{82354C9A-4891-4ACA-88A1-B364E72459C4}.Debug|Any CPU.ActiveCfg = Debug|Any CPU
		{82354C9A-4891-4ACA-88A1-B364E72459C4}.Debug|Any CPU.Build.0 = Debug|Any CPU
		{82354C9A-4891-4ACA-88A1-B364E72459C4}.Release|Any CPU.ActiveCfg = Release|Any CPU
		{82354C9A-4891-4ACA-88A1-B364E72459C4}.Release|Any CPU.Build.0 = Release|Any CPU
	EndGlobalSection
	GlobalSection(SolutionProperties) = preSolution
		HideSolutionNode = FALSE
	EndGlobalSection
	GlobalSection(ExtensibilityGlobals) = postSolution
		SolutionGuid = {1DB3EA7D-8876-46AB-A799-A97B4E95AB6A}
	EndGlobalSection
EndGlobal
